// !$*UTF8*$!
{
	archiveVersion = 1;
	classes = {
	};
	objectVersion = 48;
	objects = {

/* Begin PBXBuildFile section */
		3D0DDDF720F5995600129A77 /* UIViewExtension.swift in Sources */ = {isa = PBXBuildFile; fileRef = 3D0DDDF620F5995600129A77 /* UIViewExtension.swift */; };
		3D0DDDF920F5A29200129A77 /* B0010980_main.jpg in Resources */ = {isa = PBXBuildFile; fileRef = 3D0DDDF820F5A29200129A77 /* B0010980_main.jpg */; };
		3D23E0F220F45D4100C4A3D2 /* Friend.swift in Sources */ = {isa = PBXBuildFile; fileRef = 3D23E0F120F45D4100C4A3D2 /* Friend.swift */; };
		3D23E0F420F45EDC00C4A3D2 /* FriendView.swift in Sources */ = {isa = PBXBuildFile; fileRef = 3D23E0F320F45EDC00C4A3D2 /* FriendView.swift */; };
		3D23E0F720F465A200C4A3D2 /* pexels-photo-658687.jpeg in Resources */ = {isa = PBXBuildFile; fileRef = 3D23E0F620F465A200C4A3D2 /* pexels-photo-658687.jpeg */; };
		3D23E0F920F4660200C4A3D2 /* FriendViewController.swift in Sources */ = {isa = PBXBuildFile; fileRef = 3D23E0F820F4660200C4A3D2 /* FriendViewController.swift */; };
		3D2CEBCA20F4A92B00D1B233 /* index.jpg in Resources */ = {isa = PBXBuildFile; fileRef = 3D2CEBC820F4A92B00D1B233 /* index.jpg */; };
		3D2CEBCB20F4A92B00D1B233 /* images.jpg in Resources */ = {isa = PBXBuildFile; fileRef = 3D2CEBC920F4A92B00D1B233 /* images.jpg */; };
		3D2CEBCE20F4B78300D1B233 /* ButtonDelegateControllerViewController.swift in Sources */ = {isa = PBXBuildFile; fileRef = 3D2CEBCD20F4B78300D1B233 /* ButtonDelegateControllerViewController.swift */; };
		3D45E6A020EDF37A00595193 /* View01ViewController.swift in Sources */ = {isa = PBXBuildFile; fileRef = 3D45E69F20EDF37A00595193 /* View01ViewController.swift */; };
		3D45E6A220EE1DD100595193 /* View02ViewController.swift in Sources */ = {isa = PBXBuildFile; fileRef = 3D45E6A120EE1DD100595193 /* View02ViewController.swift */; };
		3D45E6A420EE2A7500595193 /* CalculatorViewController.swift in Sources */ = {isa = PBXBuildFile; fileRef = 3D45E6A320EE2A7500595193 /* CalculatorViewController.swift */; };
		3DC0818020EB19970058E3E6 /* AppDelegate.swift in Sources */ = {isa = PBXBuildFile; fileRef = 3DC0817F20EB19970058E3E6 /* AppDelegate.swift */; };
		3DC0818220EB19970058E3E6 /* ViewController.swift in Sources */ = {isa = PBXBuildFile; fileRef = 3DC0818120EB19970058E3E6 /* ViewController.swift */; };
		3DC0818520EB19970058E3E6 /* Main.storyboard in Resources */ = {isa = PBXBuildFile; fileRef = 3DC0818320EB19970058E3E6 /* Main.storyboard */; };
		3DC0818720EB19970058E3E6 /* Assets.xcassets in Resources */ = {isa = PBXBuildFile; fileRef = 3DC0818620EB19970058E3E6 /* Assets.xcassets */; };
/* End PBXBuildFile section */

/* Begin PBXFileReference section */
		3D0DDDF620F5995600129A77 /* UIViewExtension.swift */ = {isa = PBXFileReference; lastKnownFileType = sourcecode.swift; path = UIViewExtension.swift; sourceTree = "<group>"; };
		3D0DDDF820F5A29200129A77 /* B0010980_main.jpg */ = {isa = PBXFileReference; lastKnownFileType = image.jpeg; path = B0010980_main.jpg; sourceTree = "<group>"; };
		3D23E0F120F45D4100C4A3D2 /* Friend.swift */ = {isa = PBXFileReference; lastKnownFileType = sourcecode.swift; path = Friend.swift; sourceTree = "<group>"; };
		3D23E0F320F45EDC00C4A3D2 /* FriendView.swift */ = {isa = PBXFileReference; lastKnownFileType = sourcecode.swift; path = FriendView.swift; sourceTree = "<group>"; };
		3D23E0F620F465A200C4A3D2 /* pexels-photo-658687.jpeg */ = {isa = PBXFileReference; lastKnownFileType = image.jpeg; path = "pexels-photo-658687.jpeg"; sourceTree = "<group>"; };
		3D23E0F820F4660200C4A3D2 /* FriendViewController.swift */ = {isa = PBXFileReference; lastKnownFileType = sourcecode.swift; path = FriendViewController.swift; sourceTree = "<group>"; };
		3D2CEBC820F4A92B00D1B233 /* index.jpg */ = {isa = PBXFileReference; lastKnownFileType = image.jpeg; path = index.jpg; sourceTree = "<group>"; };
		3D2CEBC920F4A92B00D1B233 /* images.jpg */ = {isa = PBXFileReference; lastKnownFileType = image.jpeg; path = images.jpg; sourceTree = "<group>"; };
		3D2CEBCD20F4B78300D1B233 /* ButtonDelegateControllerViewController.swift */ = {isa = PBXFileReference; lastKnownFileType = sourcecode.swift; path = ButtonDelegateControllerViewController.swift; sourceTree = "<group>"; };
		3D45E69F20EDF37A00595193 /* View01ViewController.swift */ = {isa = PBXFileReference; lastKnownFileType = sourcecode.swift; path = View01ViewController.swift; sourceTree = "<group>"; };
		3D45E6A120EE1DD100595193 /* View02ViewController.swift */ = {isa = PBXFileReference; lastKnownFileType = sourcecode.swift; path = View02ViewController.swift; sourceTree = "<group>"; };
		3D45E6A320EE2A7500595193 /* CalculatorViewController.swift */ = {isa = PBXFileReference; lastKnownFileType = sourcecode.swift; path = CalculatorViewController.swift; sourceTree = "<group>"; };
		3DC0817C20EB19970058E3E6 /* FirstProject.app */ = {isa = PBXFileReference; explicitFileType = wrapper.application; includeInIndex = 0; path = FirstProject.app; sourceTree = BUILT_PRODUCTS_DIR; };
		3DC0817F20EB19970058E3E6 /* AppDelegate.swift */ = {isa = PBXFileReference; lastKnownFileType = sourcecode.swift; path = AppDelegate.swift; sourceTree = "<group>"; };
		3DC0818120EB19970058E3E6 /* ViewController.swift */ = {isa = PBXFileReference; lastKnownFileType = sourcecode.swift; path = ViewController.swift; sourceTree = "<group>"; };
		3DC0818420EB19970058E3E6 /* Base */ = {isa = PBXFileReference; lastKnownFileType = file.storyboard; name = Base; path = Base.lproj/Main.storyboard; sourceTree = "<group>"; };
		3DC0818620EB19970058E3E6 /* Assets.xcassets */ = {isa = PBXFileReference; lastKnownFileType = folder.assetcatalog; path = Assets.xcassets; sourceTree = "<group>"; };
		3DC0818B20EB19970058E3E6 /* Info.plist */ = {isa = PBXFileReference; lastKnownFileType = text.plist.xml; path = Info.plist; sourceTree = "<group>"; };
/* End PBXFileReference section */

/* Begin PBXFrameworksBuildPhase section */
		3DC0817920EB19970058E3E6 /* Frameworks */ = {
			isa = PBXFrameworksBuildPhase;
			buildActionMask = 2147483647;
			files = (
			);
			runOnlyForDeploymentPostprocessing = 0;
		};
/* End PBXFrameworksBuildPhase section */

/* Begin PBXGroup section */
		3D0DDDF520F5991800129A77 /* extension */ = {
			isa = PBXGroup;
			children = (
				3D0DDDF620F5995600129A77 /* UIViewExtension.swift */,
			);
			path = extension;
			sourceTree = "<group>";
		};
		3D23E0F020F45CF600C4A3D2 /* NsFriend */ = {
			isa = PBXGroup;
			children = (
				3D23E0F120F45D4100C4A3D2 /* Friend.swift */,
				3D23E0F320F45EDC00C4A3D2 /* FriendView.swift */,
				3D23E0F820F4660200C4A3D2 /* FriendViewController.swift */,
			);
			path = NsFriend;
			sourceTree = "<group>";
		};
		3D23E0F520F4653D00C4A3D2 /* image */ = {
			isa = PBXGroup;
			children = (
				3D0DDDF820F5A29200129A77 /* B0010980_main.jpg */,
				3D2CEBC920F4A92B00D1B233 /* images.jpg */,
				3D2CEBC820F4A92B00D1B233 /* index.jpg */,
				3D23E0F620F465A200C4A3D2 /* pexels-photo-658687.jpeg */,
			);
			path = image;
			sourceTree = "<group>";
		};
		3D2CEBCC20F4B75600D1B233 /* Delegate */ = {
			isa = PBXGroup;
			children = (
				3D2CEBCD20F4B78300D1B233 /* ButtonDelegateControllerViewController.swift */,
			);
			path = Delegate;
			sourceTree = "<group>";
		};
		3DC0817320EB19970058E3E6 = {
			isa = PBXGroup;
			children = (
				3DC0817E20EB19970058E3E6 /* FirstProject */,
				3DC0817D20EB19970058E3E6 /* Products */,
			);
			sourceTree = "<group>";
		};
		3DC0817D20EB19970058E3E6 /* Products */ = {
			isa = PBXGroup;
			children = (
				3DC0817C20EB19970058E3E6 /* FirstProject.app */,
			);
			name = Products;
			sourceTree = "<group>";
		};
		3DC0817E20EB19970058E3E6 /* FirstProject */ = {
			isa = PBXGroup;
			children = (
				3D0DDDF520F5991800129A77 /* extension */,
				3D2CEBCC20F4B75600D1B233 /* Delegate */,
				3D23E0F520F4653D00C4A3D2 /* image */,
				3D23E0F020F45CF600C4A3D2 /* NsFriend */,
				3DC0817F20EB19970058E3E6 /* AppDelegate.swift */,
				3DC0818120EB19970058E3E6 /* ViewController.swift */,
				3DC0818320EB19970058E3E6 /* Main.storyboard */,
				3DC0818620EB19970058E3E6 /* Assets.xcassets */,
				3DC0818B20EB19970058E3E6 /* Info.plist */,
				3D45E69F20EDF37A00595193 /* View01ViewController.swift */,
				3D45E6A120EE1DD100595193 /* View02ViewController.swift */,
				3D45E6A320EE2A7500595193 /* CalculatorViewController.swift */,
			);
			path = FirstProject;
			sourceTree = "<group>";
		};
/* End PBXGroup section */

/* Begin PBXNativeTarget section */
		3DC0817B20EB19970058E3E6 /* FirstProject */ = {
			isa = PBXNativeTarget;
			buildConfigurationList = 3DC0818E20EB19970058E3E6 /* Build configuration list for PBXNativeTarget "FirstProject" */;
			buildPhases = (
				3DC0817820EB19970058E3E6 /* Sources */,
				3DC0817920EB19970058E3E6 /* Frameworks */,
				3DC0817A20EB19970058E3E6 /* Resources */,
			);
			buildRules = (
			);
			dependencies = (
			);
			name = FirstProject;
			productName = FirstProject;
			productReference = 3DC0817C20EB19970058E3E6 /* FirstProject.app */;
			productType = "com.apple.product-type.application";
		};
/* End PBXNativeTarget section */

/* Begin PBXProject section */
		3DC0817420EB19970058E3E6 /* Project object */ = {
			isa = PBXProject;
			attributes = {
				LastSwiftUpdateCheck = 0920;
				LastUpgradeCheck = 0920;
				ORGANIZATIONNAME = "Sang Pm";
				TargetAttributes = {
					3DC0817B20EB19970058E3E6 = {
						CreatedOnToolsVersion = 9.2;
						ProvisioningStyle = Automatic;
					};
				};
			};
			buildConfigurationList = 3DC0817720EB19970058E3E6 /* Build configuration list for PBXProject "FirstProject" */;
			compatibilityVersion = "Xcode 8.0";
			developmentRegion = en;
			hasScannedForEncodings = 0;
			knownRegions = (
				en,
				Base,
			);
			mainGroup = 3DC0817320EB19970058E3E6;
			productRefGroup = 3DC0817D20EB19970058E3E6 /* Products */;
			projectDirPath = "";
			projectRoot = "";
			targets = (
				3DC0817B20EB19970058E3E6 /* FirstProject */,
			);
		};
/* End PBXProject section */

/* Begin PBXResourcesBuildPhase section */
		3DC0817A20EB19970058E3E6 /* Resources */ = {
			isa = PBXResourcesBuildPhase;
			buildActionMask = 2147483647;
			files = (
				3D2CEBCA20F4A92B00D1B233 /* index.jpg in Resources */,
				3D2CEBCB20F4A92B00D1B233 /* images.jpg in Resources */,
				3DC0818720EB19970058E3E6 /* Assets.xcassets in Resources */,
				3D23E0F720F465A200C4A3D2 /* pexels-photo-658687.jpeg in Resources */,
				3D0DDDF920F5A29200129A77 /* B0010980_main.jpg in Resources */,
				3DC0818520EB19970058E3E6 /* Main.storyboard in Resources */,
			);
			runOnlyForDeploymentPostprocessing = 0;
		};
/* End PBXResourcesBuildPhase section */

/* Begin PBXSourcesBuildPhase section */
		3DC0817820EB19970058E3E6 /* Sources */ = {
			isa = PBXSourcesBuildPhase;
			buildActionMask = 2147483647;
			files = (
				3D0DDDF720F5995600129A77 /* UIViewExtension.swift in Sources */,
				3D23E0F420F45EDC00C4A3D2 /* FriendView.swift in Sources */,
				3D45E6A420EE2A7500595193 /* CalculatorViewController.swift in Sources */,
				3D45E6A020EDF37A00595193 /* View01ViewController.swift in Sources */,
				3D45E6A220EE1DD100595193 /* View02ViewController.swift in Sources */,
				3D23E0F920F4660200C4A3D2 /* FriendViewController.swift in Sources */,
				3D23E0F220F45D4100C4A3D2 /* Friend.swift in Sources */,
				3DC0818220EB19970058E3E6 /* ViewController.swift in Sources */,
				3D2CEBCE20F4B78300D1B233 /* ButtonDelegateControllerViewController.swift in Sources */,
				3DC0818020EB19970058E3E6 /* AppDelegate.swift in Sources */,
			);
			runOnlyForDeploymentPostprocessing = 0;
		};
/* End PBXSourcesBuildPhase section */

/* Begin PBXVariantGroup section */
		3DC0818320EB19970058E3E6 /* Main.storyboard */ = {
			isa = PBXVariantGroup;
			children = (
				3DC0818420EB19970058E3E6 /* Base */,
			);
			name = Main.storyboard;
			sourceTree = "<group>";
		};
/* End PBXVariantGroup section */

/* Begin XCBuildConfiguration section */
		3DC0818C20EB19970058E3E6 /* Debug */ = {
			isa = XCBuildConfiguration;
			buildSettings = {
				ALWAYS_SEARCH_USER_PATHS = NO;
				CLANG_ANALYZER_NONNULL = YES;
				CLANG_ANALYZER_NUMBER_OBJECT_CONVERSION = YES_AGGRESSIVE;
				CLANG_CXX_LANGUAGE_STANDARD = "gnu++14";
				CLANG_CXX_LIBRARY = "libc++";
				CLANG_ENABLE_MODULES = YES;
				CLANG_ENABLE_OBJC_ARC = YES;
				CLANG_WARN_BLOCK_CAPTURE_AUTORELEASING = YES;
				CLANG_WARN_BOOL_CONVERSION = YES;
				CLANG_WARN_COMMA = YES;
				CLANG_WARN_CONSTANT_CONVERSION = YES;
				CLANG_WARN_DIRECT_OBJC_ISA_USAGE = YES_ERROR;
				CLANG_WARN_DOCUMENTATION_COMMENTS = YES;
				CLANG_WARN_EMPTY_BODY = YES;
				CLANG_WARN_ENUM_CONVERSION = YES;
				CLANG_WARN_INFINITE_RECURSION = YES;
				CLANG_WARN_INT_CONVERSION = YES;
				CLANG_WARN_NON_LITERAL_NULL_CONVERSION = YES;
				CLANG_WARN_OBJC_LITERAL_CONVERSION = YES;
				CLANG_WARN_OBJC_ROOT_CLASS = YES_ERROR;
				CLANG_WARN_RANGE_LOOP_ANALYSIS = YES;
				CLANG_WARN_STRICT_PROTOTYPES = YES;
				CLANG_WARN_SUSPICIOUS_MOVE = YES;
				CLANG_WARN_UNGUARDED_AVAILABILITY = YES_AGGRESSIVE;
				CLANG_WARN_UNREACHABLE_CODE = YES;
				CLANG_WARN__DUPLICATE_METHOD_MATCH = YES;
				CODE_SIGN_IDENTITY = "iPhone Developer";
				COPY_PHASE_STRIP = NO;
				DEBUG_INFORMATION_FORMAT = dwarf;
				ENABLE_STRICT_OBJC_MSGSEND = YES;
				ENABLE_TESTABILITY = YES;
				GCC_C_LANGUAGE_STANDARD = gnu11;
				GCC_DYNAMIC_NO_PIC = NO;
				GCC_NO_COMMON_BLOCKS = YES;
				GCC_OPTIMIZATION_LEVEL = 0;
				GCC_PREPROCESSOR_DEFINITIONS = (
					"DEBUG=1",
					"$(inherited)",
				);
				GCC_WARN_64_TO_32_BIT_CONVERSION = YES;
				GCC_WARN_ABOUT_RETURN_TYPE = YES_ERROR;
				GCC_WARN_UNDECLARED_SELECTOR = YES;
				GCC_WARN_UNINITIALIZED_AUTOS = YES_AGGRESSIVE;
				GCC_WARN_UNUSED_FUNCTION = YES;
				GCC_WARN_UNUSED_VARIABLE = YES;
				IPHONEOS_DEPLOYMENT_TARGET = 11.2;
				MTL_ENABLE_DEBUG_INFO = YES;
				ONLY_ACTIVE_ARCH = YES;
				SDKROOT = iphoneos;
				SWIFT_ACTIVE_COMPILATION_CONDITIONS = DEBUG;
				SWIFT_OPTIMIZATION_LEVEL = "-Onone";
			};
			name = Debug;
		};
		3DC0818D20EB19970058E3E6 /* Release */ = {
			isa = XCBuildConfiguration;
			buildSettings = {
				ALWAYS_SEARCH_USER_PATHS = NO;
				CLANG_ANALYZER_NONNULL = YES;
				CLANG_ANALYZER_NUMBER_OBJECT_CONVERSION = YES_AGGRESSIVE;
				CLANG_CXX_LANGUAGE_STANDARD = "gnu++14";
				CLANG_CXX_LIBRARY = "libc++";
				CLANG_ENABLE_MODULES = YES;
				CLANG_ENABLE_OBJC_ARC = YES;
				CLANG_WARN_BLOCK_CAPTURE_AUTORELEASING = YES;
				CLANG_WARN_BOOL_CONVERSION = YES;
				CLANG_WARN_COMMA = YES;
				CLANG_WARN_CONSTANT_CONVERSION = YES;
				CLANG_WARN_DIRECT_OBJC_ISA_USAGE = YES_ERROR;
				CLANG_WARN_DOCUMENTATION_COMMENTS = YES;
				CLANG_WARN_EMPTY_BODY = YES;
				CLANG_WARN_ENUM_CONVERSION = YES;
				CLANG_WARN_INFINITE_RECURSION = YES;
				CLANG_WARN_INT_CONVERSION = YES;
				CLANG_WARN_NON_LITERAL_NULL_CONVERSION = YES;
				CLANG_WARN_OBJC_LITERAL_CONVERSION = YES;
				CLANG_WARN_OBJC_ROOT_CLASS = YES_ERROR;
				CLANG_WARN_RANGE_LOOP_ANALYSIS = YES;
				CLANG_WARN_STRICT_PROTOTYPES = YES;
				CLANG_WARN_SUSPICIOUS_MOVE = YES;
				CLANG_WARN_UNGUARDED_AVAILABILITY = YES_AGGRESSIVE;
				CLANG_WARN_UNREACHABLE_CODE = YES;
				CLANG_WARN__DUPLICATE_METHOD_MATCH = YES;
				CODE_SIGN_IDENTITY = "iPhone Developer";
				COPY_PHASE_STRIP = NO;
				DEBUG_INFORMATION_FORMAT = "dwarf-with-dsym";
				ENABLE_NS_ASSERTIONS = NO;
				ENABLE_STRICT_OBJC_MSGSEND = YES;
				GCC_C_LANGUAGE_STANDARD = gnu11;
				GCC_NO_COMMON_BLOCKS = YES;
				GCC_WARN_64_TO_32_BIT_CONVERSION = YES;
				GCC_WARN_ABOUT_RETURN_TYPE = YES_ERROR;
				GCC_WARN_UNDECLARED_SELECTOR = YES;
				GCC_WARN_UNINITIALIZED_AUTOS = YES_AGGRESSIVE;
				GCC_WARN_UNUSED_FUNCTION = YES;
				GCC_WARN_UNUSED_VARIABLE = YES;
				IPHONEOS_DEPLOYMENT_TARGET = 11.2;
				MTL_ENABLE_DEBUG_INFO = NO;
				SDKROOT = iphoneos;
				SWIFT_OPTIMIZATION_LEVEL = "-Owholemodule";
				VALIDATE_PRODUCT = YES;
			};
			name = Release;
		};
		3DC0818F20EB19970058E3E6 /* Debug */ = {
			isa = XCBuildConfiguration;
			buildSettings = {
				ASSETCATALOG_COMPILER_APPICON_NAME = AppIcon;
				CODE_SIGN_STYLE = Automatic;
				DEVELOPMENT_TEAM = "";
				INFOPLIST_FILE = FirstProject/Info.plist;
				LD_RUNPATH_SEARCH_PATHS = "$(inherited) @executable_path/Frameworks";
				PRODUCT_BUNDLE_IDENTIFIER = lev.FirstProject;
				PRODUCT_NAME = "$(TARGET_NAME)";
				SWIFT_VERSION = 4.0;
				TARGETED_DEVICE_FAMILY = "1,2";
			};
			name = Debug;
		};
		3DC0819020EB19970058E3E6 /* Release */ = {
			isa = XCBuildConfiguration;
			buildSettings = {
				ASSETCATALOG_COMPILER_APPICON_NAME = AppIcon;
				CODE_SIGN_STYLE = Automatic;
				DEVELOPMENT_TEAM = "";
				INFOPLIST_FILE = FirstProject/Info.plist;
				LD_RUNPATH_SEARCH_PATHS = "$(inherited) @executable_path/Frameworks";
				PRODUCT_BUNDLE_IDENTIFIER = lev.FirstProject;
				PRODUCT_NAME = "$(TARGET_NAME)";
				SWIFT_VERSION = 4.0;
				TARGETED_DEVICE_FAMILY = "1,2";
			};
			name = Release;
		};
/* End XCBuildConfiguration section */

/* Begin XCConfigurationList section */
		3DC0817720EB19970058E3E6 /* Build configuration list for PBXProject "FirstProject" */ = {
			isa = XCConfigurationList;
			buildConfigurations = (
				3DC0818C20EB19970058E3E6 /* Debug */,
				3DC0818D20EB19970058E3E6 /* Release */,
			);
			defaultConfigurationIsVisible = 0;
			defaultConfigurationName = Release;
		};
		3DC0818E20EB19970058E3E6 /* Build configuration list for PBXNativeTarget "FirstProject" */ = {
			isa = XCConfigurationList;
			buildConfigurations = (
				3DC0818F20EB19970058E3E6 /* Debug */,
				3DC0819020EB19970058E3E6 /* Release */,
			);
			defaultConfigurationIsVisible = 0;
			defaultConfigurationName = Release;
		};
/* End XCConfigurationList section */
	};
	rootObject = 3DC0817420EB19970058E3E6 /* Project object */;
}
